{
  "nodes": {
    "aicli": {
      "inputs": {
        "nixpkgs": [
          "nixpkgs"
        ]
      },
      "locked": {
        "lastModified": 1722834870,
        "narHash": "sha256-ZlzdFmu5Y34SerAFOPOCUNJE9yi5Gl3MTUrdpAuOS8Y=",
        "owner": "sergei-mironov",
        "repo": "aicli",
        "rev": "c1d05da14cf2b01830415aadfc0aa28d50e52745",
        "type": "github"
      },
      "original": {
        "owner": "sergei-mironov",
        "repo": "aicli",
        "type": "github"
      }
    },
    "litrepl": {
      "inputs": {
        "aicli": [
          "aicli"
        ],
        "nixpkgs": [
          "nixpkgs"
        ]
      },
      "locked": {
        "lastModified": 1722719767,
        "narHash": "sha256-Qqnsop2iv3SXKLQcYfEEJnPcHuIZxgZTSTsc4JO1LPI=",
        "owner": "sergei-mironov",
        "repo": "litrepl",
        "rev": "dfd078b033b9eb8bcb0fae5ddb251d06d9b090ff",
        "type": "github"
      },
      "original": {
        "owner": "sergei-mironov",
        "repo": "litrepl",
        "type": "github"
      }
    },
    "nixpkgs": {
      "locked": {
        "lastModified": 1719420079,
        "narHash": "sha256-lGqaOuxLGT6/MUd/w3epHDCr3stOoVge06zI0fmPhr0=",
        "owner": "grwlf",
        "repo": "nixpkgs",
        "rev": "d7fdc02f1e36ecb6545bdd55bc02e5b0dd9e12cf",
        "type": "github"
      },
      "original": {
        "owner": "grwlf",
        "ref": "local17",
        "repo": "nixpkgs",
        "type": "github"
      }
    },
    "root": {
      "inputs": {
        "aicli": "aicli",
        "litrepl": "litrepl",
        "nixpkgs": "nixpkgs"
      }
    }
  },
  "root": "root",
  "version": 7
}
