{
  "nodes": {
    "aicli": {
      "inputs": {
        "nixpkgs": [
          "nixpkgs"
        ]
      },
      "locked": {
        "lastModified": 1732731837,
        "narHash": "sha256-S9pnzgTkNNuuqM/5ym7KObUg1rEdK869inVAYn4ffSE=",
        "owner": "sergei-mironov",
        "repo": "aicli",
        "rev": "3d788667a39ac74f97aee01634d7b021ad4f86e0",
        "type": "github"
      },
      "original": {
        "owner": "sergei-mironov",
        "repo": "aicli",
        "type": "github"
      }
    },
    "litrepl": {
      "inputs": {
        "aicli": [
          "aicli"
        ],
        "nixpkgs": [
          "nixpkgs"
        ]
      },
      "locked": {
        "lastModified": 1732833630,
        "narHash": "sha256-yhibVy+SWHMauykWv65JE9DsC7FJCnyuyf3BC4Pizx8=",
        "owner": "sergei-mironov",
        "repo": "litrepl",
        "rev": "2676e2b59036b9954e13f80e4af2ae302498983a",
        "type": "github"
      },
      "original": {
        "owner": "sergei-mironov",
        "repo": "litrepl",
        "type": "github"
      }
    },
    "nixpkgs": {
      "locked": {
        "lastModified": 1727010948,
        "narHash": "sha256-06KoptpoVoyIgJ4DNKRvPY3KAbjfrLHWxvWX4fK/GLc=",
        "owner": "grwlf",
        "repo": "nixpkgs",
        "rev": "54f38dc1f7ec68dee4f8ffce670e45cb8fa150bf",
        "type": "github"
      },
      "original": {
        "owner": "grwlf",
        "ref": "local17",
        "repo": "nixpkgs",
        "type": "github"
      }
    },
    "root": {
      "inputs": {
        "aicli": "aicli",
        "litrepl": "litrepl",
        "nixpkgs": "nixpkgs"
      }
    }
  },
  "root": "root",
  "version": 7
}
