{
  "nodes": {
    "aicli": {
      "inputs": {
        "nixpkgs": [
          "nixpkgs"
        ]
      },
      "locked": {
        "lastModified": 1726392261,
        "narHash": "sha256-qz3l7Nza4s2N0ISwK6sLEKngM/63w6yruerZyoyLgQo=",
        "owner": "sergei-mironov",
        "repo": "aicli",
        "rev": "5fcd782c1187b33b69578e65dacfd63fc839c4a4",
        "type": "github"
      },
      "original": {
        "owner": "sergei-mironov",
        "repo": "aicli",
        "type": "github"
      }
    },
    "litrepl": {
      "inputs": {
        "aicli": [
          "aicli"
        ],
        "nixpkgs": [
          "nixpkgs"
        ]
      },
      "locked": {
        "lastModified": 1724831733,
        "narHash": "sha256-q6nRyFdSdd2RhTXopqIZRMeuGTGWr+faltRVubKmqQI=",
        "owner": "sergei-mironov",
        "repo": "litrepl",
        "rev": "1e37640b3abdf4f4bc83e27457083fb5756a8848",
        "type": "github"
      },
      "original": {
        "owner": "sergei-mironov",
        "repo": "litrepl",
        "type": "github"
      }
    },
    "nixpkgs": {
      "locked": {
        "lastModified": 1727010948,
        "narHash": "sha256-06KoptpoVoyIgJ4DNKRvPY3KAbjfrLHWxvWX4fK/GLc=",
        "owner": "grwlf",
        "repo": "nixpkgs",
        "rev": "54f38dc1f7ec68dee4f8ffce670e45cb8fa150bf",
        "type": "github"
      },
      "original": {
        "owner": "grwlf",
        "ref": "local17",
        "repo": "nixpkgs",
        "type": "github"
      }
    },
    "root": {
      "inputs": {
        "aicli": "aicli",
        "litrepl": "litrepl",
        "nixpkgs": "nixpkgs"
      }
    }
  },
  "root": "root",
  "version": 7
}
